{
  "lockfileVersion": 1,
  "workspaces": {
    "": {
      "name": "text_image_api",
      "dependencies": {
        "@napi-rs/canvas": "^0.1.74",
        "arabic-persian-reshaper": "^1.0.1",
      },
      "devDependencies": {
        "@types/bun": "latest",
      },
      "peerDependencies": {
        "typescript": "^5",
      },
    },
  },
  "packages": {
    "@napi-rs/canvas": ["@napi-rs/canvas@0.1.74", "", { "optionalDependencies": { "@napi-rs/canvas-android-arm64": "0.1.74", "@napi-rs/canvas-darwin-arm64": "0.1.74", "@napi-rs/canvas-darwin-x64": "0.1.74", "@napi-rs/canvas-linux-arm-gnueabihf": "0.1.74", "@napi-rs/canvas-linux-arm64-gnu": "0.1.74", "@napi-rs/canvas-linux-arm64-musl": "0.1.74", "@napi-rs/canvas-linux-riscv64-gnu": "0.1.74", "@napi-rs/canvas-linux-x64-gnu": "0.1.74", "@napi-rs/canvas-linux-x64-musl": "0.1.74", "@napi-rs/canvas-win32-x64-msvc": "0.1.74" } }, "sha512-pOIyzuS+5Bz1vAhD7tdhaw5/936mMJZUn4aVajojUdjYOGSWmfpDYSgt0nQLZPZVN5GLgWgutqXPOi7Jsm3k+Q=="],

    "@napi-rs/canvas-android-arm64": ["@napi-rs/canvas-android-arm64@0.1.74", "", { "os": "android", "cpu": "arm64" }, "sha512-aq5ode+9Z/ZR0H485dI2jdRdttg/hl9Ob+iPCt0nj+QFiirpxDrbUHKeTZWQWEtkWyC7vI5R2dMTbDINBfl9eg=="],

    "@napi-rs/canvas-darwin-arm64": ["@napi-rs/canvas-darwin-arm64@0.1.74", "", { "os": "darwin", "cpu": "arm64" }, "sha512-eO5Miz+ef1dEQyUMWDdcbAb1Wr7yMyxD9/CL9d4frQxO4pTTaCiMBUWup8XDPLr/g7XkSkGCZLP47xiXiyXSpQ=="],

    "@napi-rs/canvas-darwin-x64": ["@napi-rs/canvas-darwin-x64@0.1.74", "", { "os": "darwin", "cpu": "x64" }, "sha512-0EkO0IFkps7C3JpKC7lbM3IL+QDUYeUKagHLDbUry4PeQTghxp6JcgccpmU32ZbpFZgPnm7o0tTJO0J1d8S2rA=="],

    "@napi-rs/canvas-linux-arm-gnueabihf": ["@napi-rs/canvas-linux-arm-gnueabihf@0.1.74", "", { "os": "linux", "cpu": "arm" }, "sha512-qAVJEN2JqGayEI1kSpJy1Xr6ZmCFV9QhRyV35yWsS7e9X1jm+T4DAlCxI4PlKIlqVSzYMYhKrxchST20XBSzHg=="],

    "@napi-rs/canvas-linux-arm64-gnu": ["@napi-rs/canvas-linux-arm64-gnu@0.1.74", "", { "os": "linux", "cpu": "arm64" }, "sha512-lOnop22qy6MYxI94GGunMMjo6D80I//2W/6pqKUfwXaDQtOfvHsTcVVzDu5cFXUTNrb9ZRfMCeol5YEd+9FJvg=="],

    "@napi-rs/canvas-linux-arm64-musl": ["@napi-rs/canvas-linux-arm64-musl@0.1.74", "", { "os": "linux", "cpu": "arm64" }, "sha512-tfFqLHGtSEabBigOnPUfZviSTGmW2xHv5tYZYPBWmgGiTkoNJ7lEWFUxHjwvV5HXGqLs8ok/O7g1enSpxO6lmQ=="],

    "@napi-rs/canvas-linux-riscv64-gnu": ["@napi-rs/canvas-linux-riscv64-gnu@0.1.74", "", { "os": "linux", "cpu": "none" }, "sha512-j6H9dHTMtr1y3tu/zGm1ythYIL9vTl4EEv9f6CMx0n3Zn2M+OruUUwh9ylCj4afzSNEK9T8cr6zMnmTPzkpBvQ=="],

    "@napi-rs/canvas-linux-x64-gnu": ["@napi-rs/canvas-linux-x64-gnu@0.1.74", "", { "os": "linux", "cpu": "x64" }, "sha512-73DIV4E7Y9CpIJuUXVl9H6+MEQXyRy4VJQoUGA1tOlcKQiStxqhq6UErL4decI28NxjyQXBhtYZKj5q8AJEuOg=="],

    "@napi-rs/canvas-linux-x64-musl": ["@napi-rs/canvas-linux-x64-musl@0.1.74", "", { "os": "linux", "cpu": "x64" }, "sha512-FgDMEFdGIJT3I2xejflRJ82/ZgDphyirS43RgtoLaIXI6zihLiZcQ7rczpqeWgAwlJNjR0He2EustsKe1SkUOg=="],

    "@napi-rs/canvas-win32-x64-msvc": ["@napi-rs/canvas-win32-x64-msvc@0.1.74", "", { "os": "win32", "cpu": "x64" }, "sha512-x6bhwlhn0wU7dfiP46mt5Bi6PowSUH4CJ4PTzGj58LRQ1HVasEIJgoMx7MLC48F738eJpzbfg3WR/D8+e9CeTA=="],

    "@types/bun": ["@types/bun@1.2.18", "", { "dependencies": { "bun-types": "1.2.18" } }, "sha512-Xf6RaWVheyemaThV0kUfaAUvCNokFr+bH8Jxp+tTZfx7dAPA8z9ePnP9S9+Vspzuxxx9JRAXhnyccRj3GyCMdQ=="],

    "@types/node": ["@types/node@24.0.15", "", { "dependencies": { "undici-types": "~7.8.0" } }, "sha512-oaeTSbCef7U/z7rDeJA138xpG3NuKc64/rZ2qmUFkFJmnMsAPaluIifqyWd8hSSMxyP9oie3dLAqYPblag9KgA=="],

    "@types/react": ["@types/react@19.1.8", "", { "dependencies": { "csstype": "^3.0.2" } }, "sha512-AwAfQ2Wa5bCx9WP8nZL2uMZWod7J7/JSplxbTmBQ5ms6QpqNYm672H0Vu9ZVKVngQ+ii4R/byguVEUZQyeg44g=="],

    "arabic-persian-reshaper": ["arabic-persian-reshaper@1.0.1", "", {}, "sha512-VYBjkhz6o4W1Xt4mD2LAReljJpLSw5CUZMqSBDIQRvFgUSlTKEYghapgBWvkeMWF4W+KF3Fm+/z8EywJU4PBeg=="],

    "bun-types": ["bun-types@1.2.18", "", { "dependencies": { "@types/node": "*" }, "peerDependencies": { "@types/react": "^19" } }, "sha512-04+Eha5NP7Z0A9YgDAzMk5PHR16ZuLVa83b26kH5+cp1qZW4F6FmAURngE7INf4tKOvCE69vYvDEwoNl1tGiWw=="],

    "csstype": ["csstype@3.1.3", "", {}, "sha512-M1uQkMl8rQK/szD0LNhtqxIPLpimGm8sOBwU7lLnCpSbTyY3yeU1Vc7l4KT5zT4s/yOxHH5O7tIuuLOCnLADRw=="],

    "typescript": ["typescript@5.8.3", "", { "bin": { "tsc": "bin/tsc", "tsserver": "bin/tsserver" } }, "sha512-p1diW6TqL9L07nNxvRMM7hMMw4c5XOo/1ibL4aAIGmSAt9slTE1Xgw5KWuof2uTOvCg9BY7ZRi+GaF+7sfgPeQ=="],

    "undici-types": ["undici-types@7.8.0", "", {}, "sha512-9UJ2xGDvQ43tYyVMpuHlsgApydB8ZKfVYTsLDhXkFL/6gfkp+U8xTGdh8pMJv1SpZna0zxG1DwsKZsreLbXBxw=="],
  }
}
